// !$*UTF8*$!
{
	archiveVersion = 1;
	classes = {
	};
	objectVersion = 56;
	objects = {

/* Begin PBXBuildFile section */
		6D1BE3512B0B151900D2BCA1 /* Pokemon_Card_TrackerApp.swift in Sources */ = {isa = PBXBuildFile; fileRef = 6D1BE3502B0B151900D2BCA1 /* Pokemon_Card_TrackerApp.swift */; };
		6D1BE3532B0B151900D2BCA1 /* ContentView.swift in Sources */ = {isa = PBXBuildFile; fileRef = 6D1BE3522B0B151900D2BCA1 /* ContentView.swift */; };
		6D1BE3552B0B151A00D2BCA1 /* Assets.xcassets in Resources */ = {isa = PBXBuildFile; fileRef = 6D1BE3542B0B151A00D2BCA1 /* Assets.xcassets */; };
		6D1BE3582B0B151A00D2BCA1 /* Preview Assets.xcassets in Resources */ = {isa = PBXBuildFile; fileRef = 6D1BE3572B0B151A00D2BCA1 /* Preview Assets.xcassets */; };
		6D1BE3672B0B1AF600D2BCA1 /* HomeView.swift in Sources */ = {isa = PBXBuildFile; fileRef = 6D1BE3662B0B1AF600D2BCA1 /* HomeView.swift */; };
		6D1BE3692B0B1D0700D2BCA1 /* SearchBarView.swift in Sources */ = {isa = PBXBuildFile; fileRef = 6D1BE3682B0B1D0700D2BCA1 /* SearchBarView.swift */; };
		6D8C64D52B0B22490006C74E /* CardView.swift in Sources */ = {isa = PBXBuildFile; fileRef = 6D8C64D42B0B22490006C74E /* CardView.swift */; };
		6D8C64D72B0B22580006C74E /* CardViewItem.swift in Sources */ = {isa = PBXBuildFile; fileRef = 6D8C64D62B0B22580006C74E /* CardViewItem.swift */; };
/* End PBXBuildFile section */

/* Begin PBXFileReference section */
		6D1BE34D2B0B151900D2BCA1 /* Pokemon Card Tracker.app */ = {isa = PBXFileReference; explicitFileType = wrapper.application; includeInIndex = 0; path = "Pokemon Card Tracker.app"; sourceTree = BUILT_PRODUCTS_DIR; };
		6D1BE3502B0B151900D2BCA1 /* Pokemon_Card_TrackerApp.swift */ = {isa = PBXFileReference; lastKnownFileType = sourcecode.swift; path = Pokemon_Card_TrackerApp.swift; sourceTree = "<group>"; };
		6D1BE3522B0B151900D2BCA1 /* ContentView.swift */ = {isa = PBXFileReference; lastKnownFileType = sourcecode.swift; path = ContentView.swift; sourceTree = "<group>"; };
		6D1BE3542B0B151A00D2BCA1 /* Assets.xcassets */ = {isa = PBXFileReference; lastKnownFileType = folder.assetcatalog; path = Assets.xcassets; sourceTree = "<group>"; };
		6D1BE3572B0B151A00D2BCA1 /* Preview Assets.xcassets */ = {isa = PBXFileReference; lastKnownFileType = folder.assetcatalog; path = "Preview Assets.xcassets"; sourceTree = "<group>"; };
		6D1BE3662B0B1AF600D2BCA1 /* HomeView.swift */ = {isa = PBXFileReference; lastKnownFileType = sourcecode.swift; path = HomeView.swift; sourceTree = "<group>"; };
		6D1BE3682B0B1D0700D2BCA1 /* SearchBarView.swift */ = {isa = PBXFileReference; lastKnownFileType = sourcecode.swift; path = SearchBarView.swift; sourceTree = "<group>"; };
		6D8C64D42B0B22490006C74E /* CardView.swift */ = {isa = PBXFileReference; lastKnownFileType = sourcecode.swift; path = CardView.swift; sourceTree = "<group>"; };
		6D8C64D62B0B22580006C74E /* CardViewItem.swift */ = {isa = PBXFileReference; lastKnownFileType = sourcecode.swift; path = CardViewItem.swift; sourceTree = "<group>"; };
/* End PBXFileReference section */

/* Begin PBXFrameworksBuildPhase section */
		6D1BE34A2B0B151900D2BCA1 /* Frameworks */ = {
			isa = PBXFrameworksBuildPhase;
			buildActionMask = 2147483647;
			files = (
			);
			runOnlyForDeploymentPostprocessing = 0;
		};
/* End PBXFrameworksBuildPhase section */

/* Begin PBXGroup section */
		6D1BE3442B0B151900D2BCA1 = {
			isa = PBXGroup;
			children = (
				6D1BE34F2B0B151900D2BCA1 /* Pokemon Card Tracker */,
				6D1BE34E2B0B151900D2BCA1 /* Products */,
			);
			sourceTree = "<group>";
		};
		6D1BE34E2B0B151900D2BCA1 /* Products */ = {
			isa = PBXGroup;
			children = (
				6D1BE34D2B0B151900D2BCA1 /* Pokemon Card Tracker.app */,
			);
			name = Products;
			sourceTree = "<group>";
		};
		6D1BE34F2B0B151900D2BCA1 /* Pokemon Card Tracker */ = {
			isa = PBXGroup;
			children = (
				6D1BE3502B0B151900D2BCA1 /* Pokemon_Card_TrackerApp.swift */,
				6D1BE3642B0B1A7500D2BCA1 /* Views */,
				6D1BE3632B0B1A5D00D2BCA1 /* Manager */,
				6D1BE3622B0B1A5000D2BCA1 /* Data */,
				6D1BE3612B0B1A4600D2BCA1 /* Helpers */,
				6D1BE3602B0B1A3400D2BCA1 /* ViewModels */,
				6D1BE35F2B0B1A2700D2BCA1 /* Models */,
				6D1BE3542B0B151A00D2BCA1 /* Assets.xcassets */,
				6D1BE3562B0B151A00D2BCA1 /* Preview Content */,
			);
			path = "Pokemon Card Tracker";
			sourceTree = "<group>";
		};
		6D1BE3562B0B151A00D2BCA1 /* Preview Content */ = {
			isa = PBXGroup;
			children = (
				6D1BE3572B0B151A00D2BCA1 /* Preview Assets.xcassets */,
			);
			path = "Preview Content";
			sourceTree = "<group>";
		};
		6D1BE35F2B0B1A2700D2BCA1 /* Models */ = {
			isa = PBXGroup;
			children = (
			);
			path = Models;
			sourceTree = "<group>";
		};
		6D1BE3602B0B1A3400D2BCA1 /* ViewModels */ = {
			isa = PBXGroup;
			children = (
			);
			path = ViewModels;
			sourceTree = "<group>";
		};
		6D1BE3612B0B1A4600D2BCA1 /* Helpers */ = {
			isa = PBXGroup;
			children = (
			);
			path = Helpers;
			sourceTree = "<group>";
		};
		6D1BE3622B0B1A5000D2BCA1 /* Data */ = {
			isa = PBXGroup;
			children = (
			);
			path = Data;
			sourceTree = "<group>";
		};
		6D1BE3632B0B1A5D00D2BCA1 /* Manager */ = {
			isa = PBXGroup;
			children = (
			);
			path = Manager;
			sourceTree = "<group>";
		};
		6D1BE3642B0B1A7500D2BCA1 /* Views */ = {
			isa = PBXGroup;
			children = (
				6D1BE3652B0B1AE300D2BCA1 /* Home */,
				6D1BE3522B0B151900D2BCA1 /* ContentView.swift */,
			);
			path = Views;
			sourceTree = "<group>";
		};
		6D1BE3652B0B1AE300D2BCA1 /* Home */ = {
			isa = PBXGroup;
			children = (
				6D1BE3662B0B1AF600D2BCA1 /* HomeView.swift */,
				6D1BE3682B0B1D0700D2BCA1 /* SearchBarView.swift */,
				6D8C64D42B0B22490006C74E /* CardView.swift */,
				6D8C64D62B0B22580006C74E /* CardViewItem.swift */,
			);
			path = Home;
			sourceTree = "<group>";
		};
/* End PBXGroup section */

/* Begin PBXNativeTarget section */
		6D1BE34C2B0B151900D2BCA1 /* Pokemon Card Tracker */ = {
			isa = PBXNativeTarget;
			buildConfigurationList = 6D1BE35B2B0B151A00D2BCA1 /* Build configuration list for PBXNativeTarget "Pokemon Card Tracker" */;
			buildPhases = (
				6D1BE3492B0B151900D2BCA1 /* Sources */,
				6D1BE34A2B0B151900D2BCA1 /* Frameworks */,
				6D1BE34B2B0B151900D2BCA1 /* Resources */,
			);
			buildRules = (
			);
			dependencies = (
			);
			name = "Pokemon Card Tracker";
			productName = "Pokemon Card Tracker";
			productReference = 6D1BE34D2B0B151900D2BCA1 /* Pokemon Card Tracker.app */;
			productType = "com.apple.product-type.application";
		};
/* End PBXNativeTarget section */

/* Begin PBXProject section */
		6D1BE3452B0B151900D2BCA1 /* Project object */ = {
			isa = PBXProject;
			attributes = {
				BuildIndependentTargetsInParallel = 1;
				LastSwiftUpdateCheck = 1500;
				LastUpgradeCheck = 1500;
				TargetAttributes = {
					6D1BE34C2B0B151900D2BCA1 = {
						CreatedOnToolsVersion = 15.0.1;
					};
				};
			};
			buildConfigurationList = 6D1BE3482B0B151900D2BCA1 /* Build configuration list for PBXProject "Pokemon Card Tracker" */;
			compatibilityVersion = "Xcode 14.0";
			developmentRegion = en;
			hasScannedForEncodings = 0;
			knownRegions = (
				en,
				Base,
			);
			mainGroup = 6D1BE3442B0B151900D2BCA1;
			productRefGroup = 6D1BE34E2B0B151900D2BCA1 /* Products */;
			projectDirPath = "";
			projectRoot = "";
			targets = (
				6D1BE34C2B0B151900D2BCA1 /* Pokemon Card Tracker */,
			);
		};
/* End PBXProject section */

/* Begin PBXResourcesBuildPhase section */
		6D1BE34B2B0B151900D2BCA1 /* Resources */ = {
			isa = PBXResourcesBuildPhase;
			buildActionMask = 2147483647;
			files = (
				6D1BE3582B0B151A00D2BCA1 /* Preview Assets.xcassets in Resources */,
				6D1BE3552B0B151A00D2BCA1 /* Assets.xcassets in Resources */,
			);
			runOnlyForDeploymentPostprocessing = 0;
		};
/* End PBXResourcesBuildPhase section */

/* Begin PBXSourcesBuildPhase section */
		6D1BE3492B0B151900D2BCA1 /* Sources */ = {
			isa = PBXSourcesBuildPhase;
			buildActionMask = 2147483647;
			files = (
				6D1BE3692B0B1D0700D2BCA1 /* SearchBarView.swift in Sources */,
				6D1BE3672B0B1AF600D2BCA1 /* HomeView.swift in Sources */,
				6D1BE3532B0B151900D2BCA1 /* ContentView.swift in Sources */,
				6D1BE3512B0B151900D2BCA1 /* Pokemon_Card_TrackerApp.swift in Sources */,
				6D8C64D52B0B22490006C74E /* CardView.swift in Sources */,
				6D8C64D72B0B22580006C74E /* CardViewItem.swift in Sources */,
			);
			runOnlyForDeploymentPostprocessing = 0;
		};
/* End PBXSourcesBuildPhase section */

/* Begin XCBuildConfiguration section */
		6D1BE3592B0B151A00D2BCA1 /* Debug */ = {
			isa = XCBuildConfiguration;
			buildSettings = {
				ALWAYS_SEARCH_USER_PATHS = NO;
				ASSETCATALOG_COMPILER_GENERATE_SWIFT_ASSET_SYMBOL_EXTENSIONS = YES;
				CLANG_ANALYZER_NONNULL = YES;
				CLANG_ANALYZER_NUMBER_OBJECT_CONVERSION = YES_AGGRESSIVE;
				CLANG_CXX_LANGUAGE_STANDARD = "gnu++20";
				CLANG_ENABLE_MODULES = YES;
				CLANG_ENABLE_OBJC_ARC = YES;
				CLANG_ENABLE_OBJC_WEAK = YES;
				CLANG_WARN_BLOCK_CAPTURE_AUTORELEASING = YES;
				CLANG_WARN_BOOL_CONVERSION = YES;
				CLANG_WARN_COMMA = YES;
				CLANG_WARN_CONSTANT_CONVERSION = YES;
				CLANG_WARN_DEPRECATED_OBJC_IMPLEMENTATIONS = YES;
				CLANG_WARN_DIRECT_OBJC_ISA_USAGE = YES_ERROR;
				CLANG_WARN_DOCUMENTATION_COMMENTS = YES;
				CLANG_WARN_EMPTY_BODY = YES;
				CLANG_WARN_ENUM_CONVERSION = YES;
				CLANG_WARN_INFINITE_RECURSION = YES;
				CLANG_WARN_INT_CONVERSION = YES;
				CLANG_WARN_NON_LITERAL_NULL_CONVERSION = YES;
				CLANG_WARN_OBJC_IMPLICIT_RETAIN_SELF = YES;
				CLANG_WARN_OBJC_LITERAL_CONVERSION = YES;
				CLANG_WARN_OBJC_ROOT_CLASS = YES_ERROR;
				CLANG_WARN_QUOTED_INCLUDE_IN_FRAMEWORK_HEADER = YES;
				CLANG_WARN_RANGE_LOOP_ANALYSIS = YES;
				CLANG_WARN_STRICT_PROTOTYPES = YES;
				CLANG_WARN_SUSPICIOUS_MOVE = YES;
				CLANG_WARN_UNGUARDED_AVAILABILITY = YES_AGGRESSIVE;
				CLANG_WARN_UNREACHABLE_CODE = YES;
				CLANG_WARN__DUPLICATE_METHOD_MATCH = YES;
				COPY_PHASE_STRIP = NO;
				DEBUG_INFORMATION_FORMAT = dwarf;
				ENABLE_STRICT_OBJC_MSGSEND = YES;
				ENABLE_TESTABILITY = YES;
				ENABLE_USER_SCRIPT_SANDBOXING = YES;
				GCC_C_LANGUAGE_STANDARD = gnu17;
				GCC_DYNAMIC_NO_PIC = NO;
				GCC_NO_COMMON_BLOCKS = YES;
				GCC_OPTIMIZATION_LEVEL = 0;
				GCC_PREPROCESSOR_DEFINITIONS = (
					"DEBUG=1",
					"$(inherited)",
				);
				GCC_WARN_64_TO_32_BIT_CONVERSION = YES;
				GCC_WARN_ABOUT_RETURN_TYPE = YES_ERROR;
				GCC_WARN_UNDECLARED_SELECTOR = YES;
				GCC_WARN_UNINITIALIZED_AUTOS = YES_AGGRESSIVE;
				GCC_WARN_UNUSED_FUNCTION = YES;
				GCC_WARN_UNUSED_VARIABLE = YES;
				IPHONEOS_DEPLOYMENT_TARGET = 17.0;
				LOCALIZATION_PREFERS_STRING_CATALOGS = YES;
				MTL_ENABLE_DEBUG_INFO = INCLUDE_SOURCE;
				MTL_FAST_MATH = YES;
				ONLY_ACTIVE_ARCH = YES;
				SDKROOT = iphoneos;
				SWIFT_ACTIVE_COMPILATION_CONDITIONS = "DEBUG $(inherited)";
				SWIFT_OPTIMIZATION_LEVEL = "-Onone";
			};
			name = Debug;
		};
		6D1BE35A2B0B151A00D2BCA1 /* Release */ = {
			isa = XCBuildConfiguration;
			buildSettings = {
				ALWAYS_SEARCH_USER_PATHS = NO;
				ASSETCATALOG_COMPILER_GENERATE_SWIFT_ASSET_SYMBOL_EXTENSIONS = YES;
				CLANG_ANALYZER_NONNULL = YES;
				CLANG_ANALYZER_NUMBER_OBJECT_CONVERSION = YES_AGGRESSIVE;
				CLANG_CXX_LANGUAGE_STANDARD = "gnu++20";
				CLANG_ENABLE_MODULES = YES;
				CLANG_ENABLE_OBJC_ARC = YES;
				CLANG_ENABLE_OBJC_WEAK = YES;
				CLANG_WARN_BLOCK_CAPTURE_AUTORELEASING = YES;
				CLANG_WARN_BOOL_CONVERSION = YES;
				CLANG_WARN_COMMA = YES;
				CLANG_WARN_CONSTANT_CONVERSION = YES;
				CLANG_WARN_DEPRECATED_OBJC_IMPLEMENTATIONS = YES;
				CLANG_WARN_DIRECT_OBJC_ISA_USAGE = YES_ERROR;
				CLANG_WARN_DOCUMENTATION_COMMENTS = YES;
				CLANG_WARN_EMPTY_BODY = YES;
				CLANG_WARN_ENUM_CONVERSION = YES;
				CLANG_WARN_INFINITE_RECURSION = YES;
				CLANG_WARN_INT_CONVERSION = YES;
				CLANG_WARN_NON_LITERAL_NULL_CONVERSION = YES;
				CLANG_WARN_OBJC_IMPLICIT_RETAIN_SELF = YES;
				CLANG_WARN_OBJC_LITERAL_CONVERSION = YES;
				CLANG_WARN_OBJC_ROOT_CLASS = YES_ERROR;
				CLANG_WARN_QUOTED_INCLUDE_IN_FRAMEWORK_HEADER = YES;
				CLANG_WARN_RANGE_LOOP_ANALYSIS = YES;
				CLANG_WARN_STRICT_PROTOTYPES = YES;
				CLANG_WARN_SUSPICIOUS_MOVE = YES;
				CLANG_WARN_UNGUARDED_AVAILABILITY = YES_AGGRESSIVE;
				CLANG_WARN_UNREACHABLE_CODE = YES;
				CLANG_WARN__DUPLICATE_METHOD_MATCH = YES;
				COPY_PHASE_STRIP = NO;
				DEBUG_INFORMATION_FORMAT = "dwarf-with-dsym";
				ENABLE_NS_ASSERTIONS = NO;
				ENABLE_STRICT_OBJC_MSGSEND = YES;
				ENABLE_USER_SCRIPT_SANDBOXING = YES;
				GCC_C_LANGUAGE_STANDARD = gnu17;
				GCC_NO_COMMON_BLOCKS = YES;
				GCC_WARN_64_TO_32_BIT_CONVERSION = YES;
				GCC_WARN_ABOUT_RETURN_TYPE = YES_ERROR;
				GCC_WARN_UNDECLARED_SELECTOR = YES;
				GCC_WARN_UNINITIALIZED_AUTOS = YES_AGGRESSIVE;
				GCC_WARN_UNUSED_FUNCTION = YES;
				GCC_WARN_UNUSED_VARIABLE = YES;
				IPHONEOS_DEPLOYMENT_TARGET = 17.0;
				LOCALIZATION_PREFERS_STRING_CATALOGS = YES;
				MTL_ENABLE_DEBUG_INFO = NO;
				MTL_FAST_MATH = YES;
				SDKROOT = iphoneos;
				SWIFT_COMPILATION_MODE = wholemodule;
				VALIDATE_PRODUCT = YES;
			};
			name = Release;
		};
		6D1BE35C2B0B151A00D2BCA1 /* Debug */ = {
			isa = XCBuildConfiguration;
			buildSettings = {
				ASSETCATALOG_COMPILER_APPICON_NAME = AppIcon;
				ASSETCATALOG_COMPILER_GLOBAL_ACCENT_COLOR_NAME = AccentColor;
				CODE_SIGN_STYLE = Automatic;
				CURRENT_PROJECT_VERSION = 1;
				DEVELOPMENT_ASSET_PATHS = "\"Pokemon Card Tracker/Preview Content\"";
				ENABLE_PREVIEWS = YES;
				GENERATE_INFOPLIST_FILE = YES;
				INFOPLIST_KEY_UIApplicationSceneManifest_Generation = YES;
				INFOPLIST_KEY_UIApplicationSupportsIndirectInputEvents = YES;
				INFOPLIST_KEY_UILaunchScreen_Generation = YES;
				INFOPLIST_KEY_UISupportedInterfaceOrientations_iPad = "UIInterfaceOrientationPortrait UIInterfaceOrientationPortraitUpsideDown UIInterfaceOrientationLandscapeLeft UIInterfaceOrientationLandscapeRight";
				INFOPLIST_KEY_UISupportedInterfaceOrientations_iPhone = "UIInterfaceOrientationPortrait UIInterfaceOrientationLandscapeLeft UIInterfaceOrientationLandscapeRight";
				LD_RUNPATH_SEARCH_PATHS = (
					"$(inherited)",
					"@executable_path/Frameworks",
				);
				MARKETING_VERSION = 1.0;
				PRODUCT_BUNDLE_IDENTIFIER = "com.joaquincastrillon.Pokemon-Card-Tracker";
				PRODUCT_NAME = "$(TARGET_NAME)";
				SWIFT_EMIT_LOC_STRINGS = YES;
				SWIFT_VERSION = 5.0;
				TARGETED_DEVICE_FAMILY = "1,2";
			};
			name = Debug;
		};
		6D1BE35D2B0B151A00D2BCA1 /* Release */ = {
			isa = XCBuildConfiguration;
			buildSettings = {
				ASSETCATALOG_COMPILER_APPICON_NAME = AppIcon;
				ASSETCATALOG_COMPILER_GLOBAL_ACCENT_COLOR_NAME = AccentColor;
				CODE_SIGN_STYLE = Automatic;
				CURRENT_PROJECT_VERSION = 1;
				DEVELOPMENT_ASSET_PATHS = "\"Pokemon Card Tracker/Preview Content\"";
				ENABLE_PREVIEWS = YES;
				GENERATE_INFOPLIST_FILE = YES;
				INFOPLIST_KEY_UIApplicationSceneManifest_Generation = YES;
				INFOPLIST_KEY_UIApplicationSupportsIndirectInputEvents = YES;
				INFOPLIST_KEY_UILaunchScreen_Generation = YES;
				INFOPLIST_KEY_UISupportedInterfaceOrientations_iPad = "UIInterfaceOrientationPortrait UIInterfaceOrientationPortraitUpsideDown UIInterfaceOrientationLandscapeLeft UIInterfaceOrientationLandscapeRight";
				INFOPLIST_KEY_UISupportedInterfaceOrientations_iPhone = "UIInterfaceOrientationPortrait UIInterfaceOrientationLandscapeLeft UIInterfaceOrientationLandscapeRight";
				LD_RUNPATH_SEARCH_PATHS = (
					"$(inherited)",
					"@executable_path/Frameworks",
				);
				MARKETING_VERSION = 1.0;
				PRODUCT_BUNDLE_IDENTIFIER = "com.joaquincastrillon.Pokemon-Card-Tracker";
				PRODUCT_NAME = "$(TARGET_NAME)";
				SWIFT_EMIT_LOC_STRINGS = YES;
				SWIFT_VERSION = 5.0;
				TARGETED_DEVICE_FAMILY = "1,2";
			};
			name = Release;
		};
/* End XCBuildConfiguration section */

/* Begin XCConfigurationList section */
		6D1BE3482B0B151900D2BCA1 /* Build configuration list for PBXProject "Pokemon Card Tracker" */ = {
			isa = XCConfigurationList;
			buildConfigurations = (
				6D1BE3592B0B151A00D2BCA1 /* Debug */,
				6D1BE35A2B0B151A00D2BCA1 /* Release */,
			);
			defaultConfigurationIsVisible = 0;
			defaultConfigurationName = Release;
		};
		6D1BE35B2B0B151A00D2BCA1 /* Build configuration list for PBXNativeTarget "Pokemon Card Tracker" */ = {
			isa = XCConfigurationList;
			buildConfigurations = (
				6D1BE35C2B0B151A00D2BCA1 /* Debug */,
				6D1BE35D2B0B151A00D2BCA1 /* Release */,
			);
			defaultConfigurationIsVisible = 0;
			defaultConfigurationName = Release;
		};
/* End XCConfigurationList section */
	};
	rootObject = 6D1BE3452B0B151900D2BCA1 /* Project object */;
}
